
Microsoft Visual Studio Solution File, Format Version 12.00
# Visual Studio Version 16
VisualStudioVersion = 16.0.33423.256
MinimumVisualStudioVersion = 10.0.40219.1
Project("{FAE04EC0-301F-11D3-BF4B-00C04F79EFBC}") = "Ejercicio-4_Calcula-Num-Primos", "Ejercicio-4_Calcula-Num-Primos.csproj", "{0252361D-078E-49FF-8BC9-4B5034E6C7C0}"
EndProject
Global
	GlobalSection(SolutionConfigurationPlatforms) = preSolution
		Debug|Any CPU = Debug|Any CPU
		Release|Any CPU = Release|Any CPU
	EndGlobalSection
	GlobalSection(ProjectConfigurationPlatforms) = postSolution
		{0252361D-078E-49FF-8BC9-4B5034E6C7C0}.Debug|Any CPU.ActiveCfg = Debug|Any CPU
		{0252361D-078E-49FF-8BC9-4B5034E6C7C0}.Debug|Any CPU.Build.0 = Debug|Any CPU
		{0252361D-078E-49FF-8BC9-4B5034E6C7C0}.Release|Any CPU.ActiveCfg = Release|Any CPU
		{0252361D-078E-49FF-8BC9-4B5034E6C7C0}.Release|Any CPU.Build.0 = Release|Any CPU
	EndGlobalSection
	GlobalSection(SolutionProperties) = preSolution
		HideSolutionNode = FALSE
	EndGlobalSection
	GlobalSection(ExtensibilityGlobals) = postSolution
		SolutionGuid = {6881C77D-F770-409A-9752-FC9DFC23A3B6}
	EndGlobalSection
EndGlobal
